<?xml version="1.0" encoding="utf-8"?>
<Project ToolsVersion="4.0" xmlns="http://schemas.microsoft.com/developer/msbuild/2003">
  <ItemGroup>
    <Filter Include="Camera">
      <UniqueIdentifier>{bc185f70-e95f-4a9b-bde6-de8ce2acf631}</UniqueIdentifier>
    </Filter>
    <Filter Include="Engine">
      <UniqueIdentifier>{4eb53a1a-2092-481b-86e2-a4724e59e5c0}</UniqueIdentifier>
    </Filter>
    <Filter Include="Material">
      <UniqueIdentifier>{20d7d6e8-b7f4-4f06-a527-a2f5d16873a2}</UniqueIdentifier>
    </Filter>
    <Filter Include="Mesh">
      <UniqueIdentifier>{a18e4c56-891b-4c13-86c9-6dd9db0a64f7}</UniqueIdentifier>
    </Filter>
    <Filter Include="Objects">
      <UniqueIdentifier>{57314651-493d-4e5b-92d7-0b6aa00616e8}</UniqueIdentifier>
    </Filter>
    <Filter Include="Platform">
      <UniqueIdentifier>{7c587f27-1b43-4f76-b2e9-a7f2c24a01cb}</UniqueIdentifier>
    </Filter>
    <Filter Include="Scenes">
      <UniqueIdentifier>{0ec9b1b6-26b5-4037-8a33-ff856081160a}</UniqueIdentifier>
    </Filter>
    <Filter Include="Shader">
      <UniqueIdentifier>{9c95a925-f362-4c7d-a99b-240a83429cdf}</UniqueIdentifier>
    </Filter>
    <Filter Include="Texture">
      <UniqueIdentifier>{d2917719-a734-4c2a-897d-c76ba5f3766e}</UniqueIdentifier>
    </Filter>
    <Filter Include="Thread">
      <UniqueIdentifier>{b95326f1-a0b6-4c3f-af9f-c551e083bd30}</UniqueIdentifier>
    </Filter>
    <Filter Include="TopLevel">
      <UniqueIdentifier>{b48b346c-fe68-4714-a418-08d23bc01e67}</UniqueIdentifier>
    </Filter>
  </ItemGroup>
  <ItemGroup>
    <ClCompile Include="..\..\Shared\source\camera\Camera.cpp">
      <Filter>Camera</Filter>
    </ClCompile>
    <ClCompile Include="..\..\Shared\source\engine\Engine.cpp">
      <Filter>Engine</Filter>
    </ClCompile>
    <ClCompile Include="..\..\Shared\source\material\Material.cpp">
      <Filter>Material</Filter>
    </ClCompile>
    <ClCompile Include="..\..\Shared\source\material\MaterialBuilder.cpp">
      <Filter>Material</Filter>
    </ClCompile>
    <ClCompile Include="..\..\Shared\source\material\MaterialColor.cpp">
      <Filter>Material</Filter>
    </ClCompile>
    <ClCompile Include="..\..\Shared\source\material\MaterialLightMap.cpp">
      <Filter>Material</Filter>
    </ClCompile>
    <ClCompile Include="..\..\Shared\source\mesh\Mesh.cpp">
      <Filter>Mesh</Filter>
    </ClCompile>
    <ClCompile Include="..\..\Shared\source\mesh\MeshBuilder.cpp">
      <Filter>Mesh</Filter>
    </ClCompile>
    <ClCompile Include="..\..\Shared\source\object\GameObject.cpp">
      <Filter>Objects</Filter>
    </ClCompile>
    <ClCompile Include="glad.c">
      <Filter>Platform</Filter>
    </ClCompile>
    <ClCompile Include="main.cpp">
      <Filter>Platform</Filter>
    </ClCompile>
    <ClCompile Include="OSEngine.cpp">
      <Filter>Platform</Filter>
    </ClCompile>
    <ClCompile Include="stb_image.cpp">
      <Filter>Platform</Filter>
    </ClCompile>
    <ClCompile Include="..\..\Shared\source\scenes\Scene.cpp">
      <Filter>Scenes</Filter>
    </ClCompile>
    <ClCompile Include="..\..\Shared\source\scenes\SceneLightMap.cpp">
      <Filter>Scenes</Filter>
    </ClCompile>
    <ClCompile Include="..\..\Shared\source\shader\Shader.cpp">
      <Filter>Shader</Filter>
    </ClCompile>
    <ClCompile Include="..\..\Shared\source\shader\ShaderManager.cpp">
      <Filter>Shader</Filter>
    </ClCompile>
    <ClCompile Include="..\..\Shared\source\texture\TextureBuilder.cpp">
      <Filter>Texture</Filter>
    </ClCompile>
    <ClCompile Include="..\..\Shared\source\thread\ThreadPoolBase.cpp">
      <Filter>Thread</Filter>
    </ClCompile>
    <ClCompile Include="..\..\Shared\source\top\Utility.cpp">
      <Filter>TopLevel</Filter>
    </ClCompile>
  </ItemGroup>
  <ItemGroup>
    <ClInclude Include="..\..\Shared\source\camera\Camera.h">
      <Filter>Camera</Filter>
    </ClInclude>
    <ClInclude Include="..\..\Shared\source\engine\Engine.h">
      <Filter>Engine</Filter>
    </ClInclude>
    <ClInclude Include="..\..\Shared\source\material\Material.h">
      <Filter>Material</Filter>
    </ClInclude>
    <ClInclude Include="..\..\Shared\source\material\MaterialBuilder.h">
      <Filter>Material</Filter>
    </ClInclude>
    <ClInclude Include="..\..\Shared\source\material\MaterialColor.h">
      <Filter>Material</Filter>
    </ClInclude>
    <ClInclude Include="..\..\Shared\source\material\MaterialLightMap.h">
      <Filter>Material</Filter>
    </ClInclude>
    <ClInclude Include="..\..\Shared\source\mesh\Mesh.h">
      <Filter>Mesh</Filter>
    </ClInclude>
    <ClInclude Include="..\..\Shared\source\mesh\MeshBuilder.h">
      <Filter>Mesh</Filter>
    </ClInclude>
    <ClInclude Include="..\..\Shared\source\object\GameObject.h">
      <Filter>Objects</Filter>
    </ClInclude>
    <ClInclude Include="ctpl_stl.h">
      <Filter>Platform</Filter>
    </ClInclude>
    <ClInclude Include="OSEngine.h">
      <Filter>Platform</Filter>
    </ClInclude>
    <ClInclude Include="..\..\Shared\source\scenes\Scene.h">
      <Filter>Scenes</Filter>
    </ClInclude>
    <ClInclude Include="..\..\Shared\source\scenes\SceneLightMap.h">
      <Filter>Scenes</Filter>
    </ClInclude>
    <ClInclude Include="..\..\Shared\source\shader\Shader.h">
      <Filter>Shader</Filter>
    </ClInclude>
    <ClInclude Include="..\..\Shared\source\shader\ShaderManager.h">
      <Filter>Shader</Filter>
    </ClInclude>
    <ClInclude Include="..\..\Shared\source\texture\TextureBuilder.h">
      <Filter>Texture</Filter>
    </ClInclude>
    <ClInclude Include="..\..\Shared\source\thread\ThreadPoolBase.h">
      <Filter>Thread</Filter>
    </ClInclude>
    <ClInclude Include="..\..\Shared\source\top\Enums.h">
      <Filter>TopLevel</Filter>
    </ClInclude>
    <ClInclude Include="..\..\Shared\source\top\Includes.h">
      <Filter>TopLevel</Filter>
    </ClInclude>
    <ClInclude Include="..\..\Shared\source\top\Utility.h">
      <Filter>TopLevel</Filter>
    </ClInclude>
  </ItemGroup>
</Project>